{
  "name": "08-Venda-Externa",
  "lockfileVersion": 2,
  "requires": true,
  "packages": {
    "": {
      "dependencies": {
        "material-icons": "^1.11.10",
        "materialize-css": "^1.0.0-rc.2"
      }
    },
    "node_modules/material-icons": {
      "version": "1.11.10",
      "resolved": "https://registry.npmjs.org/material-icons/-/material-icons-1.11.10.tgz",
      "integrity": "sha512-1nGlVYwH98BQGSoxHf1QCCDll6AmnkxuATjTHREvy8BSEc6EfRkvcsQwEmSgAY7qcKLV3Ip81u9YEiH/sjQgkg=="
    },
    "node_modules/materialize-css": {
      "version": "1.0.0-rc.2",
      "resolved": "https://registry.npmjs.org/materialize-css/-/materialize-css-1.0.0-rc.2.tgz",
      "integrity": "sha512-FuQmSyq4Qv0ov7A2qXw0E6/jbQzSWx2P1pg2/XQDYTkkSc/GyiFAxu3fw9zgShwuTvyumEiw5jkxQWT9siqMBQ=="
    }
  },
  "dependencies": {
    "material-icons": {
      "version": "1.11.10",
      "resolved": "https://registry.npmjs.org/material-icons/-/material-icons-1.11.10.tgz",
      "integrity": "sha512-1nGlVYwH98BQGSoxHf1QCCDll6AmnkxuATjTHREvy8BSEc6EfRkvcsQwEmSgAY7qcKLV3Ip81u9YEiH/sjQgkg=="
    },
    "materialize-css": {
      "version": "1.0.0-rc.2",
      "resolved": "https://registry.npmjs.org/materialize-css/-/materialize-css-1.0.0-rc.2.tgz",
      "integrity": "sha512-FuQmSyq4Qv0ov7A2qXw0E6/jbQzSWx2P1pg2/XQDYTkkSc/GyiFAxu3fw9zgShwuTvyumEiw5jkxQWT9siqMBQ=="
    }
  }
}
